
Microsoft Visual Studio Solution File, Format Version 12.00
# Visual Studio 15
VisualStudioVersion = 15.0.27130.2026
MinimumVisualStudioVersion = 10.0.40219.1
Project("{FAE04EC0-301F-11D3-BF4B-00C04F79EFBC}") = "snc_bonus_operator.Android", "snc_bonus_operator\snc_bonus_operator.Android\snc_bonus_operator.Android.csproj", "{06D045BF-B153-4B5D-8F71-8D93BE3167D4}"
EndProject
Project("{FAE04EC0-301F-11D3-BF4B-00C04F79EFBC}") = "snc_bonus_operator", "snc_bonus_operator\snc_bonus_operator\snc_bonus_operator.csproj", "{AF8BF925-E256-4AE0-B7FD-9D67A8487DAF}"
EndProject
Project("{FAE04EC0-301F-11D3-BF4B-00C04F79EFBC}") = "snc_bonus_operator.UWP", "snc_bonus_operator\snc_bonus_operator.UWP\snc_bonus_operator.UWP.csproj", "{5487225E-E9BF-4D31-BF2F-D66D64AE5DC3}"
EndProject
Project("{FAE04EC0-301F-11D3-BF4B-00C04F79EFBC}") = "snc_bonus_operator.iOS", "snc_bonus_operator\snc_bonus_operator.iOS\snc_bonus_operator.iOS.csproj", "{A5E497B4-64AD-4F09-89D1-D7214344CDC8}"
EndProject
Global
	GlobalSection(SolutionConfigurationPlatforms) = preSolution
		Ad-Hoc|Any CPU = Ad-Hoc|Any CPU
		Ad-Hoc|ARM = Ad-Hoc|ARM
		Ad-Hoc|iPhone = Ad-Hoc|iPhone
		Ad-Hoc|iPhoneSimulator = Ad-Hoc|iPhoneSimulator
		Ad-Hoc|x64 = Ad-Hoc|x64
		Ad-Hoc|x86 = Ad-Hoc|x86
		AppStore|Any CPU = AppStore|Any CPU
		AppStore|ARM = AppStore|ARM
		AppStore|iPhone = AppStore|iPhone
		AppStore|iPhoneSimulator = AppStore|iPhoneSimulator
		AppStore|x64 = AppStore|x64
		AppStore|x86 = AppStore|x86
		Debug|Any CPU = Debug|Any CPU
		Debug|ARM = Debug|ARM
		Debug|iPhone = Debug|iPhone
		Debug|iPhoneSimulator = Debug|iPhoneSimulator
		Debug|x64 = Debug|x64
		Debug|x86 = Debug|x86
		DebugArtyom|Any CPU = DebugArtyom|Any CPU
		DebugArtyom|ARM = DebugArtyom|ARM
		DebugArtyom|iPhone = DebugArtyom|iPhone
		DebugArtyom|iPhoneSimulator = DebugArtyom|iPhoneSimulator
		DebugArtyom|x64 = DebugArtyom|x64
		DebugArtyom|x86 = DebugArtyom|x86
		Release|Any CPU = Release|Any CPU
		Release|ARM = Release|ARM
		Release|iPhone = Release|iPhone
		Release|iPhoneSimulator = Release|iPhoneSimulator
		Release|x64 = Release|x64
		Release|x86 = Release|x86
		ReleaseNoInternet|Any CPU = ReleaseNoInternet|Any CPU
		ReleaseNoInternet|ARM = ReleaseNoInternet|ARM
		ReleaseNoInternet|iPhone = ReleaseNoInternet|iPhone
		ReleaseNoInternet|iPhoneSimulator = ReleaseNoInternet|iPhoneSimulator
		ReleaseNoInternet|x64 = ReleaseNoInternet|x64
		ReleaseNoInternet|x86 = ReleaseNoInternet|x86
	EndGlobalSection
	GlobalSection(ProjectConfigurationPlatforms) = postSolution
		{06D045BF-B153-4B5D-8F71-8D93BE3167D4}.Ad-Hoc|Any CPU.ActiveCfg = Release|Any CPU
		{06D045BF-B153-4B5D-8F71-8D93BE3167D4}.Ad-Hoc|Any CPU.Build.0 = Release|Any CPU
		{06D045BF-B153-4B5D-8F71-8D93BE3167D4}.Ad-Hoc|Any CPU.Deploy.0 = Release|Any CPU
		{06D045BF-B153-4B5D-8F71-8D93BE3167D4}.Ad-Hoc|ARM.ActiveCfg = Release|Any CPU
		{06D045BF-B153-4B5D-8F71-8D93BE3167D4}.Ad-Hoc|ARM.Build.0 = Release|Any CPU
		{06D045BF-B153-4B5D-8F71-8D93BE3167D4}.Ad-Hoc|ARM.Deploy.0 = Release|Any CPU
		{06D045BF-B153-4B5D-8F71-8D93BE3167D4}.Ad-Hoc|iPhone.ActiveCfg = Release|Any CPU
		{06D045BF-B153-4B5D-8F71-8D93BE3167D4}.Ad-Hoc|iPhone.Build.0 = Release|Any CPU
		{06D045BF-B153-4B5D-8F71-8D93BE3167D4}.Ad-Hoc|iPhone.Deploy.0 = Release|Any CPU
		{06D045BF-B153-4B5D-8F71-8D93BE3167D4}.Ad-Hoc|iPhoneSimulator.ActiveCfg = Release|Any CPU
		{06D045BF-B153-4B5D-8F71-8D93BE3167D4}.Ad-Hoc|iPhoneSimulator.Build.0 = Release|Any CPU
		{06D045BF-B153-4B5D-8F71-8D93BE3167D4}.Ad-Hoc|iPhoneSimulator.Deploy.0 = Release|Any CPU
		{06D045BF-B153-4B5D-8F71-8D93BE3167D4}.Ad-Hoc|x64.ActiveCfg = Release|Any CPU
		{06D045BF-B153-4B5D-8F71-8D93BE3167D4}.Ad-Hoc|x64.Build.0 = Release|Any CPU
		{06D045BF-B153-4B5D-8F71-8D93BE3167D4}.Ad-Hoc|x64.Deploy.0 = Release|Any CPU
		{06D045BF-B153-4B5D-8F71-8D93BE3167D4}.Ad-Hoc|x86.ActiveCfg = Release|Any CPU
		{06D045BF-B153-4B5D-8F71-8D93BE3167D4}.Ad-Hoc|x86.Build.0 = Release|Any CPU
		{06D045BF-B153-4B5D-8F71-8D93BE3167D4}.Ad-Hoc|x86.Deploy.0 = Release|Any CPU
		{06D045BF-B153-4B5D-8F71-8D93BE3167D4}.AppStore|Any CPU.ActiveCfg = Release|Any CPU
		{06D045BF-B153-4B5D-8F71-8D93BE3167D4}.AppStore|Any CPU.Build.0 = Release|Any CPU
		{06D045BF-B153-4B5D-8F71-8D93BE3167D4}.AppStore|Any CPU.Deploy.0 = Release|Any CPU
		{06D045BF-B153-4B5D-8F71-8D93BE3167D4}.AppStore|ARM.ActiveCfg = Release|Any CPU
		{06D045BF-B153-4B5D-8F71-8D93BE3167D4}.AppStore|ARM.Build.0 = Release|Any CPU
		{06D045BF-B153-4B5D-8F71-8D93BE3167D4}.AppStore|ARM.Deploy.0 = Release|Any CPU
		{06D045BF-B153-4B5D-8F71-8D93BE3167D4}.AppStore|iPhone.ActiveCfg = Release|Any CPU
		{06D045BF-B153-4B5D-8F71-8D93BE3167D4}.AppStore|iPhone.Build.0 = Release|Any CPU
		{06D045BF-B153-4B5D-8F71-8D93BE3167D4}.AppStore|iPhone.Deploy.0 = Release|Any CPU
		{06D045BF-B153-4B5D-8F71-8D93BE3167D4}.AppStore|iPhoneSimulator.ActiveCfg = Release|Any CPU
		{06D045BF-B153-4B5D-8F71-8D93BE3167D4}.AppStore|iPhoneSimulator.Build.0 = Release|Any CPU
		{06D045BF-B153-4B5D-8F71-8D93BE3167D4}.AppStore|iPhoneSimulator.Deploy.0 = Release|Any CPU
		{06D045BF-B153-4B5D-8F71-8D93BE3167D4}.AppStore|x64.ActiveCfg = Release|Any CPU
		{06D045BF-B153-4B5D-8F71-8D93BE3167D4}.AppStore|x64.Build.0 = Release|Any CPU
		{06D045BF-B153-4B5D-8F71-8D93BE3167D4}.AppStore|x64.Deploy.0 = Release|Any CPU
		{06D045BF-B153-4B5D-8F71-8D93BE3167D4}.AppStore|x86.ActiveCfg = Release|Any CPU
		{06D045BF-B153-4B5D-8F71-8D93BE3167D4}.AppStore|x86.Build.0 = Release|Any CPU
		{06D045BF-B153-4B5D-8F71-8D93BE3167D4}.AppStore|x86.Deploy.0 = Release|Any CPU
		{06D045BF-B153-4B5D-8F71-8D93BE3167D4}.Debug|Any CPU.ActiveCfg = Debug|Any CPU
		{06D045BF-B153-4B5D-8F71-8D93BE3167D4}.Debug|Any CPU.Build.0 = Debug|Any CPU
		{06D045BF-B153-4B5D-8F71-8D93BE3167D4}.Debug|Any CPU.Deploy.0 = Debug|Any CPU
		{06D045BF-B153-4B5D-8F71-8D93BE3167D4}.Debug|ARM.ActiveCfg = Debug|Any CPU
		{06D045BF-B153-4B5D-8F71-8D93BE3167D4}.Debug|ARM.Build.0 = Debug|Any CPU
		{06D045BF-B153-4B5D-8F71-8D93BE3167D4}.Debug|ARM.Deploy.0 = Debug|Any CPU
		{06D045BF-B153-4B5D-8F71-8D93BE3167D4}.Debug|iPhone.ActiveCfg = Debug|Any CPU
		{06D045BF-B153-4B5D-8F71-8D93BE3167D4}.Debug|iPhone.Build.0 = Debug|Any CPU
		{06D045BF-B153-4B5D-8F71-8D93BE3167D4}.Debug|iPhone.Deploy.0 = Debug|Any CPU
		{06D045BF-B153-4B5D-8F71-8D93BE3167D4}.Debug|iPhoneSimulator.ActiveCfg = Debug|Any CPU
		{06D045BF-B153-4B5D-8F71-8D93BE3167D4}.Debug|iPhoneSimulator.Build.0 = Debug|Any CPU
		{06D045BF-B153-4B5D-8F71-8D93BE3167D4}.Debug|iPhoneSimulator.Deploy.0 = Debug|Any CPU
		{06D045BF-B153-4B5D-8F71-8D93BE3167D4}.Debug|x64.ActiveCfg = Debug|Any CPU
		{06D045BF-B153-4B5D-8F71-8D93BE3167D4}.Debug|x64.Build.0 = Debug|Any CPU
		{06D045BF-B153-4B5D-8F71-8D93BE3167D4}.Debug|x64.Deploy.0 = Debug|Any CPU
		{06D045BF-B153-4B5D-8F71-8D93BE3167D4}.Debug|x86.ActiveCfg = Debug|Any CPU
		{06D045BF-B153-4B5D-8F71-8D93BE3167D4}.Debug|x86.Build.0 = Debug|Any CPU
		{06D045BF-B153-4B5D-8F71-8D93BE3167D4}.Debug|x86.Deploy.0 = Debug|Any CPU
		{06D045BF-B153-4B5D-8F71-8D93BE3167D4}.DebugArtyom|Any CPU.ActiveCfg = DebugArtyom|Any CPU
		{06D045BF-B153-4B5D-8F71-8D93BE3167D4}.DebugArtyom|Any CPU.Build.0 = DebugArtyom|Any CPU
		{06D045BF-B153-4B5D-8F71-8D93BE3167D4}.DebugArtyom|Any CPU.Deploy.0 = DebugArtyom|Any CPU
		{06D045BF-B153-4B5D-8F71-8D93BE3167D4}.DebugArtyom|ARM.ActiveCfg = DebugArtyom|Any CPU
		{06D045BF-B153-4B5D-8F71-8D93BE3167D4}.DebugArtyom|ARM.Build.0 = DebugArtyom|Any CPU
		{06D045BF-B153-4B5D-8F71-8D93BE3167D4}.DebugArtyom|ARM.Deploy.0 = DebugArtyom|Any CPU
		{06D045BF-B153-4B5D-8F71-8D93BE3167D4}.DebugArtyom|iPhone.ActiveCfg = DebugArtyom|Any CPU
		{06D045BF-B153-4B5D-8F71-8D93BE3167D4}.DebugArtyom|iPhone.Build.0 = DebugArtyom|Any CPU
		{06D045BF-B153-4B5D-8F71-8D93BE3167D4}.DebugArtyom|iPhone.Deploy.0 = DebugArtyom|Any CPU
		{06D045BF-B153-4B5D-8F71-8D93BE3167D4}.DebugArtyom|iPhoneSimulator.ActiveCfg = DebugArtyom|Any CPU
		{06D045BF-B153-4B5D-8F71-8D93BE3167D4}.DebugArtyom|iPhoneSimulator.Build.0 = DebugArtyom|Any CPU
		{06D045BF-B153-4B5D-8F71-8D93BE3167D4}.DebugArtyom|iPhoneSimulator.Deploy.0 = DebugArtyom|Any CPU
		{06D045BF-B153-4B5D-8F71-8D93BE3167D4}.DebugArtyom|x64.ActiveCfg = DebugArtyom|Any CPU
		{06D045BF-B153-4B5D-8F71-8D93BE3167D4}.DebugArtyom|x64.Build.0 = DebugArtyom|Any CPU
		{06D045BF-B153-4B5D-8F71-8D93BE3167D4}.DebugArtyom|x64.Deploy.0 = DebugArtyom|Any CPU
		{06D045BF-B153-4B5D-8F71-8D93BE3167D4}.DebugArtyom|x86.ActiveCfg = DebugArtyom|Any CPU
		{06D045BF-B153-4B5D-8F71-8D93BE3167D4}.DebugArtyom|x86.Build.0 = DebugArtyom|Any CPU
		{06D045BF-B153-4B5D-8F71-8D93BE3167D4}.DebugArtyom|x86.Deploy.0 = DebugArtyom|Any CPU
		{06D045BF-B153-4B5D-8F71-8D93BE3167D4}.Release|Any CPU.ActiveCfg = Release|Any CPU
		{06D045BF-B153-4B5D-8F71-8D93BE3167D4}.Release|Any CPU.Build.0 = Release|Any CPU
		{06D045BF-B153-4B5D-8F71-8D93BE3167D4}.Release|Any CPU.Deploy.0 = Release|Any CPU
		{06D045BF-B153-4B5D-8F71-8D93BE3167D4}.Release|ARM.ActiveCfg = Release|Any CPU
		{06D045BF-B153-4B5D-8F71-8D93BE3167D4}.Release|ARM.Build.0 = Release|Any CPU
		{06D045BF-B153-4B5D-8F71-8D93BE3167D4}.Release|ARM.Deploy.0 = Release|Any CPU
		{06D045BF-B153-4B5D-8F71-8D93BE3167D4}.Release|iPhone.ActiveCfg = Release|Any CPU
		{06D045BF-B153-4B5D-8F71-8D93BE3167D4}.Release|iPhone.Build.0 = Release|Any CPU
		{06D045BF-B153-4B5D-8F71-8D93BE3167D4}.Release|iPhone.Deploy.0 = Release|Any CPU
		{06D045BF-B153-4B5D-8F71-8D93BE3167D4}.Release|iPhoneSimulator.ActiveCfg = Release|Any CPU
		{06D045BF-B153-4B5D-8F71-8D93BE3167D4}.Release|iPhoneSimulator.Build.0 = Release|Any CPU
		{06D045BF-B153-4B5D-8F71-8D93BE3167D4}.Release|iPhoneSimulator.Deploy.0 = Release|Any CPU
		{06D045BF-B153-4B5D-8F71-8D93BE3167D4}.Release|x64.ActiveCfg = Release|Any CPU
		{06D045BF-B153-4B5D-8F71-8D93BE3167D4}.Release|x64.Build.0 = Release|Any CPU
		{06D045BF-B153-4B5D-8F71-8D93BE3167D4}.Release|x64.Deploy.0 = Release|Any CPU
		{06D045BF-B153-4B5D-8F71-8D93BE3167D4}.Release|x86.ActiveCfg = Release|Any CPU
		{06D045BF-B153-4B5D-8F71-8D93BE3167D4}.Release|x86.Build.0 = Release|Any CPU
		{06D045BF-B153-4B5D-8F71-8D93BE3167D4}.Release|x86.Deploy.0 = Release|Any CPU
		{06D045BF-B153-4B5D-8F71-8D93BE3167D4}.ReleaseNoInternet|Any CPU.ActiveCfg = ReleaseNoInternet|Any CPU
		{06D045BF-B153-4B5D-8F71-8D93BE3167D4}.ReleaseNoInternet|Any CPU.Build.0 = ReleaseNoInternet|Any CPU
		{06D045BF-B153-4B5D-8F71-8D93BE3167D4}.ReleaseNoInternet|Any CPU.Deploy.0 = ReleaseNoInternet|Any CPU
		{06D045BF-B153-4B5D-8F71-8D93BE3167D4}.ReleaseNoInternet|ARM.ActiveCfg = ReleaseNoInternet|Any CPU
		{06D045BF-B153-4B5D-8F71-8D93BE3167D4}.ReleaseNoInternet|ARM.Build.0 = ReleaseNoInternet|Any CPU
		{06D045BF-B153-4B5D-8F71-8D93BE3167D4}.ReleaseNoInternet|ARM.Deploy.0 = ReleaseNoInternet|Any CPU
		{06D045BF-B153-4B5D-8F71-8D93BE3167D4}.ReleaseNoInternet|iPhone.ActiveCfg = ReleaseNoInternet|Any CPU
		{06D045BF-B153-4B5D-8F71-8D93BE3167D4}.ReleaseNoInternet|iPhone.Build.0 = ReleaseNoInternet|Any CPU
		{06D045BF-B153-4B5D-8F71-8D93BE3167D4}.ReleaseNoInternet|iPhone.Deploy.0 = ReleaseNoInternet|Any CPU
		{06D045BF-B153-4B5D-8F71-8D93BE3167D4}.ReleaseNoInternet|iPhoneSimulator.ActiveCfg = ReleaseNoInternet|Any CPU
		{06D045BF-B153-4B5D-8F71-8D93BE3167D4}.ReleaseNoInternet|iPhoneSimulator.Build.0 = ReleaseNoInternet|Any CPU
		{06D045BF-B153-4B5D-8F71-8D93BE3167D4}.ReleaseNoInternet|iPhoneSimulator.Deploy.0 = ReleaseNoInternet|Any CPU
		{06D045BF-B153-4B5D-8F71-8D93BE3167D4}.ReleaseNoInternet|x64.ActiveCfg = ReleaseNoInternet|Any CPU
		{06D045BF-B153-4B5D-8F71-8D93BE3167D4}.ReleaseNoInternet|x64.Build.0 = ReleaseNoInternet|Any CPU
		{06D045BF-B153-4B5D-8F71-8D93BE3167D4}.ReleaseNoInternet|x64.Deploy.0 = ReleaseNoInternet|Any CPU
		{06D045BF-B153-4B5D-8F71-8D93BE3167D4}.ReleaseNoInternet|x86.ActiveCfg = ReleaseNoInternet|Any CPU
		{06D045BF-B153-4B5D-8F71-8D93BE3167D4}.ReleaseNoInternet|x86.Build.0 = ReleaseNoInternet|Any CPU
		{06D045BF-B153-4B5D-8F71-8D93BE3167D4}.ReleaseNoInternet|x86.Deploy.0 = ReleaseNoInternet|Any CPU
		{AF8BF925-E256-4AE0-B7FD-9D67A8487DAF}.Ad-Hoc|Any CPU.ActiveCfg = Release|Any CPU
		{AF8BF925-E256-4AE0-B7FD-9D67A8487DAF}.Ad-Hoc|Any CPU.Build.0 = Release|Any CPU
		{AF8BF925-E256-4AE0-B7FD-9D67A8487DAF}.Ad-Hoc|ARM.ActiveCfg = Release|Any CPU
		{AF8BF925-E256-4AE0-B7FD-9D67A8487DAF}.Ad-Hoc|ARM.Build.0 = Release|Any CPU
		{AF8BF925-E256-4AE0-B7FD-9D67A8487DAF}.Ad-Hoc|iPhone.ActiveCfg = Release|Any CPU
		{AF8BF925-E256-4AE0-B7FD-9D67A8487DAF}.Ad-Hoc|iPhone.Build.0 = Release|Any CPU
		{AF8BF925-E256-4AE0-B7FD-9D67A8487DAF}.Ad-Hoc|iPhoneSimulator.ActiveCfg = Release|Any CPU
		{AF8BF925-E256-4AE0-B7FD-9D67A8487DAF}.Ad-Hoc|iPhoneSimulator.Build.0 = Release|Any CPU
		{AF8BF925-E256-4AE0-B7FD-9D67A8487DAF}.Ad-Hoc|x64.ActiveCfg = Release|Any CPU
		{AF8BF925-E256-4AE0-B7FD-9D67A8487DAF}.Ad-Hoc|x64.Build.0 = Release|Any CPU
		{AF8BF925-E256-4AE0-B7FD-9D67A8487DAF}.Ad-Hoc|x86.ActiveCfg = Release|Any CPU
		{AF8BF925-E256-4AE0-B7FD-9D67A8487DAF}.Ad-Hoc|x86.Build.0 = Release|Any CPU
		{AF8BF925-E256-4AE0-B7FD-9D67A8487DAF}.AppStore|Any CPU.ActiveCfg = Release|Any CPU
		{AF8BF925-E256-4AE0-B7FD-9D67A8487DAF}.AppStore|Any CPU.Build.0 = Release|Any CPU
		{AF8BF925-E256-4AE0-B7FD-9D67A8487DAF}.AppStore|ARM.ActiveCfg = Release|Any CPU
		{AF8BF925-E256-4AE0-B7FD-9D67A8487DAF}.AppStore|ARM.Build.0 = Release|Any CPU
		{AF8BF925-E256-4AE0-B7FD-9D67A8487DAF}.AppStore|iPhone.ActiveCfg = Release|Any CPU
		{AF8BF925-E256-4AE0-B7FD-9D67A8487DAF}.AppStore|iPhone.Build.0 = Release|Any CPU
		{AF8BF925-E256-4AE0-B7FD-9D67A8487DAF}.AppStore|iPhoneSimulator.ActiveCfg = Release|Any CPU
		{AF8BF925-E256-4AE0-B7FD-9D67A8487DAF}.AppStore|iPhoneSimulator.Build.0 = Release|Any CPU
		{AF8BF925-E256-4AE0-B7FD-9D67A8487DAF}.AppStore|x64.ActiveCfg = Release|Any CPU
		{AF8BF925-E256-4AE0-B7FD-9D67A8487DAF}.AppStore|x64.Build.0 = Release|Any CPU
		{AF8BF925-E256-4AE0-B7FD-9D67A8487DAF}.AppStore|x86.ActiveCfg = Release|Any CPU
		{AF8BF925-E256-4AE0-B7FD-9D67A8487DAF}.AppStore|x86.Build.0 = Release|Any CPU
		{AF8BF925-E256-4AE0-B7FD-9D67A8487DAF}.Debug|Any CPU.ActiveCfg = Debug|Any CPU
		{AF8BF925-E256-4AE0-B7FD-9D67A8487DAF}.Debug|Any CPU.Build.0 = Debug|Any CPU
		{AF8BF925-E256-4AE0-B7FD-9D67A8487DAF}.Debug|ARM.ActiveCfg = Debug|Any CPU
		{AF8BF925-E256-4AE0-B7FD-9D67A8487DAF}.Debug|ARM.Build.0 = Debug|Any CPU
		{AF8BF925-E256-4AE0-B7FD-9D67A8487DAF}.Debug|iPhone.ActiveCfg = Debug|Any CPU
		{AF8BF925-E256-4AE0-B7FD-9D67A8487DAF}.Debug|iPhone.Build.0 = Debug|Any CPU
		{AF8BF925-E256-4AE0-B7FD-9D67A8487DAF}.Debug|iPhoneSimulator.ActiveCfg = Debug|Any CPU
		{AF8BF925-E256-4AE0-B7FD-9D67A8487DAF}.Debug|iPhoneSimulator.Build.0 = Debug|Any CPU
		{AF8BF925-E256-4AE0-B7FD-9D67A8487DAF}.Debug|x64.ActiveCfg = Debug|Any CPU
		{AF8BF925-E256-4AE0-B7FD-9D67A8487DAF}.Debug|x64.Build.0 = Debug|Any CPU
		{AF8BF925-E256-4AE0-B7FD-9D67A8487DAF}.Debug|x86.ActiveCfg = Debug|Any CPU
		{AF8BF925-E256-4AE0-B7FD-9D67A8487DAF}.Debug|x86.Build.0 = Debug|Any CPU
		{AF8BF925-E256-4AE0-B7FD-9D67A8487DAF}.DebugArtyom|Any CPU.ActiveCfg = DebugArtyom|Any CPU
		{AF8BF925-E256-4AE0-B7FD-9D67A8487DAF}.DebugArtyom|Any CPU.Build.0 = DebugArtyom|Any CPU
		{AF8BF925-E256-4AE0-B7FD-9D67A8487DAF}.DebugArtyom|ARM.ActiveCfg = DebugArtyom|Any CPU
		{AF8BF925-E256-4AE0-B7FD-9D67A8487DAF}.DebugArtyom|ARM.Build.0 = DebugArtyom|Any CPU
		{AF8BF925-E256-4AE0-B7FD-9D67A8487DAF}.DebugArtyom|iPhone.ActiveCfg = DebugArtyom|Any CPU
		{AF8BF925-E256-4AE0-B7FD-9D67A8487DAF}.DebugArtyom|iPhone.Build.0 = DebugArtyom|Any CPU
		{AF8BF925-E256-4AE0-B7FD-9D67A8487DAF}.DebugArtyom|iPhoneSimulator.ActiveCfg = DebugArtyom|Any CPU
		{AF8BF925-E256-4AE0-B7FD-9D67A8487DAF}.DebugArtyom|iPhoneSimulator.Build.0 = DebugArtyom|Any CPU
		{AF8BF925-E256-4AE0-B7FD-9D67A8487DAF}.DebugArtyom|x64.ActiveCfg = DebugArtyom|Any CPU
		{AF8BF925-E256-4AE0-B7FD-9D67A8487DAF}.DebugArtyom|x64.Build.0 = DebugArtyom|Any CPU
		{AF8BF925-E256-4AE0-B7FD-9D67A8487DAF}.DebugArtyom|x86.ActiveCfg = DebugArtyom|Any CPU
		{AF8BF925-E256-4AE0-B7FD-9D67A8487DAF}.DebugArtyom|x86.Build.0 = DebugArtyom|Any CPU
		{AF8BF925-E256-4AE0-B7FD-9D67A8487DAF}.Release|Any CPU.ActiveCfg = Release|Any CPU
		{AF8BF925-E256-4AE0-B7FD-9D67A8487DAF}.Release|Any CPU.Build.0 = Release|Any CPU
		{AF8BF925-E256-4AE0-B7FD-9D67A8487DAF}.Release|ARM.ActiveCfg = Release|Any CPU
		{AF8BF925-E256-4AE0-B7FD-9D67A8487DAF}.Release|ARM.Build.0 = Release|Any CPU
		{AF8BF925-E256-4AE0-B7FD-9D67A8487DAF}.Release|iPhone.ActiveCfg = Release|Any CPU
		{AF8BF925-E256-4AE0-B7FD-9D67A8487DAF}.Release|iPhone.Build.0 = Release|Any CPU
		{AF8BF925-E256-4AE0-B7FD-9D67A8487DAF}.Release|iPhoneSimulator.ActiveCfg = Release|Any CPU
		{AF8BF925-E256-4AE0-B7FD-9D67A8487DAF}.Release|iPhoneSimulator.Build.0 = Release|Any CPU
		{AF8BF925-E256-4AE0-B7FD-9D67A8487DAF}.Release|x64.ActiveCfg = Release|Any CPU
		{AF8BF925-E256-4AE0-B7FD-9D67A8487DAF}.Release|x64.Build.0 = Release|Any CPU
		{AF8BF925-E256-4AE0-B7FD-9D67A8487DAF}.Release|x86.ActiveCfg = Release|Any CPU
		{AF8BF925-E256-4AE0-B7FD-9D67A8487DAF}.Release|x86.Build.0 = Release|Any CPU
		{AF8BF925-E256-4AE0-B7FD-9D67A8487DAF}.ReleaseNoInternet|Any CPU.ActiveCfg = ReleaseNoInternet|Any CPU
		{AF8BF925-E256-4AE0-B7FD-9D67A8487DAF}.ReleaseNoInternet|Any CPU.Build.0 = ReleaseNoInternet|Any CPU
		{AF8BF925-E256-4AE0-B7FD-9D67A8487DAF}.ReleaseNoInternet|ARM.ActiveCfg = ReleaseNoInternet|Any CPU
		{AF8BF925-E256-4AE0-B7FD-9D67A8487DAF}.ReleaseNoInternet|ARM.Build.0 = ReleaseNoInternet|Any CPU
		{AF8BF925-E256-4AE0-B7FD-9D67A8487DAF}.ReleaseNoInternet|iPhone.ActiveCfg = ReleaseNoInternet|Any CPU
		{AF8BF925-E256-4AE0-B7FD-9D67A8487DAF}.ReleaseNoInternet|iPhone.Build.0 = ReleaseNoInternet|Any CPU
		{AF8BF925-E256-4AE0-B7FD-9D67A8487DAF}.ReleaseNoInternet|iPhoneSimulator.ActiveCfg = ReleaseNoInternet|Any CPU
		{AF8BF925-E256-4AE0-B7FD-9D67A8487DAF}.ReleaseNoInternet|iPhoneSimulator.Build.0 = ReleaseNoInternet|Any CPU
		{AF8BF925-E256-4AE0-B7FD-9D67A8487DAF}.ReleaseNoInternet|x64.ActiveCfg = ReleaseNoInternet|Any CPU
		{AF8BF925-E256-4AE0-B7FD-9D67A8487DAF}.ReleaseNoInternet|x64.Build.0 = ReleaseNoInternet|Any CPU
		{AF8BF925-E256-4AE0-B7FD-9D67A8487DAF}.ReleaseNoInternet|x86.ActiveCfg = ReleaseNoInternet|Any CPU
		{AF8BF925-E256-4AE0-B7FD-9D67A8487DAF}.ReleaseNoInternet|x86.Build.0 = ReleaseNoInternet|Any CPU
		{5487225E-E9BF-4D31-BF2F-D66D64AE5DC3}.Ad-Hoc|Any CPU.ActiveCfg = Release|x86
		{5487225E-E9BF-4D31-BF2F-D66D64AE5DC3}.Ad-Hoc|Any CPU.Build.0 = Release|x86
		{5487225E-E9BF-4D31-BF2F-D66D64AE5DC3}.Ad-Hoc|Any CPU.Deploy.0 = Release|x86
		{5487225E-E9BF-4D31-BF2F-D66D64AE5DC3}.Ad-Hoc|ARM.ActiveCfg = Release|ARM
		{5487225E-E9BF-4D31-BF2F-D66D64AE5DC3}.Ad-Hoc|ARM.Build.0 = Release|ARM
		{5487225E-E9BF-4D31-BF2F-D66D64AE5DC3}.Ad-Hoc|ARM.Deploy.0 = Release|ARM
		{5487225E-E9BF-4D31-BF2F-D66D64AE5DC3}.Ad-Hoc|iPhone.ActiveCfg = Release|x86
		{5487225E-E9BF-4D31-BF2F-D66D64AE5DC3}.Ad-Hoc|iPhone.Build.0 = Release|x86
		{5487225E-E9BF-4D31-BF2F-D66D64AE5DC3}.Ad-Hoc|iPhone.Deploy.0 = Release|x86
		{5487225E-E9BF-4D31-BF2F-D66D64AE5DC3}.Ad-Hoc|iPhoneSimulator.ActiveCfg = Release|x86
		{5487225E-E9BF-4D31-BF2F-D66D64AE5DC3}.Ad-Hoc|iPhoneSimulator.Build.0 = Release|x86
		{5487225E-E9BF-4D31-BF2F-D66D64AE5DC3}.Ad-Hoc|iPhoneSimulator.Deploy.0 = Release|x86
		{5487225E-E9BF-4D31-BF2F-D66D64AE5DC3}.Ad-Hoc|x64.ActiveCfg = Release|x64
		{5487225E-E9BF-4D31-BF2F-D66D64AE5DC3}.Ad-Hoc|x64.Build.0 = Release|x64
		{5487225E-E9BF-4D31-BF2F-D66D64AE5DC3}.Ad-Hoc|x64.Deploy.0 = Release|x64
		{5487225E-E9BF-4D31-BF2F-D66D64AE5DC3}.Ad-Hoc|x86.ActiveCfg = Release|x86
		{5487225E-E9BF-4D31-BF2F-D66D64AE5DC3}.Ad-Hoc|x86.Build.0 = Release|x86
		{5487225E-E9BF-4D31-BF2F-D66D64AE5DC3}.Ad-Hoc|x86.Deploy.0 = Release|x86
		{5487225E-E9BF-4D31-BF2F-D66D64AE5DC3}.AppStore|Any CPU.ActiveCfg = Release|x86
		{5487225E-E9BF-4D31-BF2F-D66D64AE5DC3}.AppStore|Any CPU.Build.0 = Release|x86
		{5487225E-E9BF-4D31-BF2F-D66D64AE5DC3}.AppStore|Any CPU.Deploy.0 = Release|x86
		{5487225E-E9BF-4D31-BF2F-D66D64AE5DC3}.AppStore|ARM.ActiveCfg = Release|ARM
		{5487225E-E9BF-4D31-BF2F-D66D64AE5DC3}.AppStore|ARM.Build.0 = Release|ARM
		{5487225E-E9BF-4D31-BF2F-D66D64AE5DC3}.AppStore|ARM.Deploy.0 = Release|ARM
		{5487225E-E9BF-4D31-BF2F-D66D64AE5DC3}.AppStore|iPhone.ActiveCfg = Release|x86
		{5487225E-E9BF-4D31-BF2F-D66D64AE5DC3}.AppStore|iPhone.Build.0 = Release|x86
		{5487225E-E9BF-4D31-BF2F-D66D64AE5DC3}.AppStore|iPhone.Deploy.0 = Release|x86
		{5487225E-E9BF-4D31-BF2F-D66D64AE5DC3}.AppStore|iPhoneSimulator.ActiveCfg = Release|x86
		{5487225E-E9BF-4D31-BF2F-D66D64AE5DC3}.AppStore|iPhoneSimulator.Build.0 = Release|x86
		{5487225E-E9BF-4D31-BF2F-D66D64AE5DC3}.AppStore|iPhoneSimulator.Deploy.0 = Release|x86
		{5487225E-E9BF-4D31-BF2F-D66D64AE5DC3}.AppStore|x64.ActiveCfg = Release|x64
		{5487225E-E9BF-4D31-BF2F-D66D64AE5DC3}.AppStore|x64.Build.0 = Release|x64
		{5487225E-E9BF-4D31-BF2F-D66D64AE5DC3}.AppStore|x64.Deploy.0 = Release|x64
		{5487225E-E9BF-4D31-BF2F-D66D64AE5DC3}.AppStore|x86.ActiveCfg = Release|x86
		{5487225E-E9BF-4D31-BF2F-D66D64AE5DC3}.AppStore|x86.Build.0 = Release|x86
		{5487225E-E9BF-4D31-BF2F-D66D64AE5DC3}.AppStore|x86.Deploy.0 = Release|x86
		{5487225E-E9BF-4D31-BF2F-D66D64AE5DC3}.Debug|Any CPU.ActiveCfg = Debug|x86
		{5487225E-E9BF-4D31-BF2F-D66D64AE5DC3}.Debug|ARM.ActiveCfg = Debug|ARM
		{5487225E-E9BF-4D31-BF2F-D66D64AE5DC3}.Debug|ARM.Build.0 = Debug|ARM
		{5487225E-E9BF-4D31-BF2F-D66D64AE5DC3}.Debug|ARM.Deploy.0 = Debug|ARM
		{5487225E-E9BF-4D31-BF2F-D66D64AE5DC3}.Debug|iPhone.ActiveCfg = Debug|x86
		{5487225E-E9BF-4D31-BF2F-D66D64AE5DC3}.Debug|iPhoneSimulator.ActiveCfg = Debug|x86
		{5487225E-E9BF-4D31-BF2F-D66D64AE5DC3}.Debug|x64.ActiveCfg = Debug|x64
		{5487225E-E9BF-4D31-BF2F-D66D64AE5DC3}.Debug|x64.Build.0 = Debug|x64
		{5487225E-E9BF-4D31-BF2F-D66D64AE5DC3}.Debug|x64.Deploy.0 = Debug|x64
		{5487225E-E9BF-4D31-BF2F-D66D64AE5DC3}.Debug|x86.ActiveCfg = Debug|x86
		{5487225E-E9BF-4D31-BF2F-D66D64AE5DC3}.Debug|x86.Build.0 = Debug|x86
		{5487225E-E9BF-4D31-BF2F-D66D64AE5DC3}.Debug|x86.Deploy.0 = Debug|x86
		{5487225E-E9BF-4D31-BF2F-D66D64AE5DC3}.DebugArtyom|Any CPU.ActiveCfg = Debug|x64
		{5487225E-E9BF-4D31-BF2F-D66D64AE5DC3}.DebugArtyom|ARM.ActiveCfg = Debug|ARM
		{5487225E-E9BF-4D31-BF2F-D66D64AE5DC3}.DebugArtyom|iPhone.ActiveCfg = Debug|x64
		{5487225E-E9BF-4D31-BF2F-D66D64AE5DC3}.DebugArtyom|iPhoneSimulator.ActiveCfg = Debug|x64
		{5487225E-E9BF-4D31-BF2F-D66D64AE5DC3}.DebugArtyom|x64.ActiveCfg = Debug|x64
		{5487225E-E9BF-4D31-BF2F-D66D64AE5DC3}.DebugArtyom|x86.ActiveCfg = Debug|x86
		{5487225E-E9BF-4D31-BF2F-D66D64AE5DC3}.Release|Any CPU.ActiveCfg = Release|x86
		{5487225E-E9BF-4D31-BF2F-D66D64AE5DC3}.Release|ARM.ActiveCfg = Release|ARM
		{5487225E-E9BF-4D31-BF2F-D66D64AE5DC3}.Release|ARM.Build.0 = Release|ARM
		{5487225E-E9BF-4D31-BF2F-D66D64AE5DC3}.Release|ARM.Deploy.0 = Release|ARM
		{5487225E-E9BF-4D31-BF2F-D66D64AE5DC3}.Release|iPhone.ActiveCfg = Release|x86
		{5487225E-E9BF-4D31-BF2F-D66D64AE5DC3}.Release|iPhoneSimulator.ActiveCfg = Release|x86
		{5487225E-E9BF-4D31-BF2F-D66D64AE5DC3}.Release|x64.ActiveCfg = Release|x64
		{5487225E-E9BF-4D31-BF2F-D66D64AE5DC3}.Release|x64.Build.0 = Release|x64
		{5487225E-E9BF-4D31-BF2F-D66D64AE5DC3}.Release|x64.Deploy.0 = Release|x64
		{5487225E-E9BF-4D31-BF2F-D66D64AE5DC3}.Release|x86.ActiveCfg = Release|x86
		{5487225E-E9BF-4D31-BF2F-D66D64AE5DC3}.Release|x86.Build.0 = Release|x86
		{5487225E-E9BF-4D31-BF2F-D66D64AE5DC3}.Release|x86.Deploy.0 = Release|x86
		{5487225E-E9BF-4D31-BF2F-D66D64AE5DC3}.ReleaseNoInternet|Any CPU.ActiveCfg = Debug|x64
		{5487225E-E9BF-4D31-BF2F-D66D64AE5DC3}.ReleaseNoInternet|ARM.ActiveCfg = Release|ARM
		{5487225E-E9BF-4D31-BF2F-D66D64AE5DC3}.ReleaseNoInternet|iPhone.ActiveCfg = Debug|x64
		{5487225E-E9BF-4D31-BF2F-D66D64AE5DC3}.ReleaseNoInternet|iPhoneSimulator.ActiveCfg = Debug|x64
		{5487225E-E9BF-4D31-BF2F-D66D64AE5DC3}.ReleaseNoInternet|x64.ActiveCfg = Release|x64
		{5487225E-E9BF-4D31-BF2F-D66D64AE5DC3}.ReleaseNoInternet|x86.ActiveCfg = Release|x86
		{A5E497B4-64AD-4F09-89D1-D7214344CDC8}.Ad-Hoc|Any CPU.ActiveCfg = Ad-Hoc|iPhone
		{A5E497B4-64AD-4F09-89D1-D7214344CDC8}.Ad-Hoc|ARM.ActiveCfg = Ad-Hoc|iPhone
		{A5E497B4-64AD-4F09-89D1-D7214344CDC8}.Ad-Hoc|iPhone.ActiveCfg = Ad-Hoc|iPhone
		{A5E497B4-64AD-4F09-89D1-D7214344CDC8}.Ad-Hoc|iPhone.Build.0 = Ad-Hoc|iPhone
		{A5E497B4-64AD-4F09-89D1-D7214344CDC8}.Ad-Hoc|iPhoneSimulator.ActiveCfg = Ad-Hoc|iPhoneSimulator
		{A5E497B4-64AD-4F09-89D1-D7214344CDC8}.Ad-Hoc|iPhoneSimulator.Build.0 = Ad-Hoc|iPhoneSimulator
		{A5E497B4-64AD-4F09-89D1-D7214344CDC8}.Ad-Hoc|x64.ActiveCfg = Ad-Hoc|iPhone
		{A5E497B4-64AD-4F09-89D1-D7214344CDC8}.Ad-Hoc|x86.ActiveCfg = Ad-Hoc|iPhone
		{A5E497B4-64AD-4F09-89D1-D7214344CDC8}.AppStore|Any CPU.ActiveCfg = AppStore|iPhone
		{A5E497B4-64AD-4F09-89D1-D7214344CDC8}.AppStore|ARM.ActiveCfg = AppStore|iPhone
		{A5E497B4-64AD-4F09-89D1-D7214344CDC8}.AppStore|iPhone.ActiveCfg = AppStore|iPhone
		{A5E497B4-64AD-4F09-89D1-D7214344CDC8}.AppStore|iPhone.Build.0 = AppStore|iPhone
		{A5E497B4-64AD-4F09-89D1-D7214344CDC8}.AppStore|iPhoneSimulator.ActiveCfg = AppStore|iPhoneSimulator
		{A5E497B4-64AD-4F09-89D1-D7214344CDC8}.AppStore|iPhoneSimulator.Build.0 = AppStore|iPhoneSimulator
		{A5E497B4-64AD-4F09-89D1-D7214344CDC8}.AppStore|x64.ActiveCfg = AppStore|iPhone
		{A5E497B4-64AD-4F09-89D1-D7214344CDC8}.AppStore|x86.ActiveCfg = AppStore|iPhone
		{A5E497B4-64AD-4F09-89D1-D7214344CDC8}.Debug|Any CPU.ActiveCfg = Debug|iPhone
		{A5E497B4-64AD-4F09-89D1-D7214344CDC8}.Debug|ARM.ActiveCfg = Debug|iPhone
		{A5E497B4-64AD-4F09-89D1-D7214344CDC8}.Debug|iPhone.ActiveCfg = Debug|iPhone
		{A5E497B4-64AD-4F09-89D1-D7214344CDC8}.Debug|iPhone.Build.0 = Debug|iPhone
		{A5E497B4-64AD-4F09-89D1-D7214344CDC8}.Debug|iPhoneSimulator.ActiveCfg = Debug|iPhoneSimulator
		{A5E497B4-64AD-4F09-89D1-D7214344CDC8}.Debug|iPhoneSimulator.Build.0 = Debug|iPhoneSimulator
		{A5E497B4-64AD-4F09-89D1-D7214344CDC8}.Debug|x64.ActiveCfg = Debug|iPhone
		{A5E497B4-64AD-4F09-89D1-D7214344CDC8}.Debug|x86.ActiveCfg = Debug|iPhone
		{A5E497B4-64AD-4F09-89D1-D7214344CDC8}.DebugArtyom|Any CPU.ActiveCfg = DebugArtyom|iPhone
		{A5E497B4-64AD-4F09-89D1-D7214344CDC8}.DebugArtyom|ARM.ActiveCfg = DebugArtyom|iPhone
		{A5E497B4-64AD-4F09-89D1-D7214344CDC8}.DebugArtyom|iPhone.ActiveCfg = DebugArtyom|iPhone
		{A5E497B4-64AD-4F09-89D1-D7214344CDC8}.DebugArtyom|iPhoneSimulator.ActiveCfg = DebugArtyom|iPhoneSimulator
		{A5E497B4-64AD-4F09-89D1-D7214344CDC8}.DebugArtyom|iPhoneSimulator.Build.0 = DebugArtyom|iPhoneSimulator
		{A5E497B4-64AD-4F09-89D1-D7214344CDC8}.DebugArtyom|x64.ActiveCfg = DebugArtyom|iPhone
		{A5E497B4-64AD-4F09-89D1-D7214344CDC8}.DebugArtyom|x86.ActiveCfg = DebugArtyom|iPhone
		{A5E497B4-64AD-4F09-89D1-D7214344CDC8}.Release|Any CPU.ActiveCfg = Release|iPhone
		{A5E497B4-64AD-4F09-89D1-D7214344CDC8}.Release|ARM.ActiveCfg = Release|iPhone
		{A5E497B4-64AD-4F09-89D1-D7214344CDC8}.Release|iPhone.ActiveCfg = Release|iPhone
		{A5E497B4-64AD-4F09-89D1-D7214344CDC8}.Release|iPhone.Build.0 = Release|iPhone
		{A5E497B4-64AD-4F09-89D1-D7214344CDC8}.Release|iPhoneSimulator.ActiveCfg = Release|iPhoneSimulator
		{A5E497B4-64AD-4F09-89D1-D7214344CDC8}.Release|iPhoneSimulator.Build.0 = Release|iPhoneSimulator
		{A5E497B4-64AD-4F09-89D1-D7214344CDC8}.Release|x64.ActiveCfg = Release|iPhone
		{A5E497B4-64AD-4F09-89D1-D7214344CDC8}.Release|x86.ActiveCfg = Release|iPhone
		{A5E497B4-64AD-4F09-89D1-D7214344CDC8}.ReleaseNoInternet|Any CPU.ActiveCfg = ReleaseNoInternet|iPhone
		{A5E497B4-64AD-4F09-89D1-D7214344CDC8}.ReleaseNoInternet|ARM.ActiveCfg = ReleaseNoInternet|iPhone
		{A5E497B4-64AD-4F09-89D1-D7214344CDC8}.ReleaseNoInternet|iPhone.ActiveCfg = ReleaseNoInternet|iPhone
		{A5E497B4-64AD-4F09-89D1-D7214344CDC8}.ReleaseNoInternet|iPhoneSimulator.ActiveCfg = ReleaseNoInternet|iPhoneSimulator
		{A5E497B4-64AD-4F09-89D1-D7214344CDC8}.ReleaseNoInternet|x64.ActiveCfg = ReleaseNoInternet|iPhone
		{A5E497B4-64AD-4F09-89D1-D7214344CDC8}.ReleaseNoInternet|x86.ActiveCfg = ReleaseNoInternet|iPhone
	EndGlobalSection
	GlobalSection(SolutionProperties) = preSolution
		HideSolutionNode = FALSE
	EndGlobalSection
	GlobalSection(ExtensibilityGlobals) = postSolution
		SolutionGuid = {765C7EB6-794A-4645-B0C9-CF95A2B86878}
	EndGlobalSection
EndGlobal
